
Microsoft Visual Studio Solution File, Format Version 11.00
# Visual Studio 10
Project("{FAE04EC0-301F-11D3-BF4B-00C04F79EFBC}") = "LZ Marina", "LZ Marina\LZ Marina.csproj", "{98097BAD-E0B0-4469-A890-C2338A6F8481}"
EndProject
Global
	GlobalSection(SubversionScc) = preSolution
		Svn-Managed = True
		Manager = AnkhSVN - Subversion Support for Visual Studio
	EndGlobalSection
	GlobalSection(SolutionConfigurationPlatforms) = preSolution
		CodeAnalysisDebug|Any CPU = CodeAnalysisDebug|Any CPU
		Debug|Any CPU = Debug|Any CPU
		Release|Any CPU = Release|Any CPU
	EndGlobalSection
	GlobalSection(ProjectConfigurationPlatforms) = postSolution
		{98097BAD-E0B0-4469-A890-C2338A6F8481}.CodeAnalysisDebug|Any CPU.ActiveCfg = Debug|Any CPU
		{98097BAD-E0B0-4469-A890-C2338A6F8481}.CodeAnalysisDebug|Any CPU.Build.0 = Debug|Any CPU
		{98097BAD-E0B0-4469-A890-C2338A6F8481}.Debug|Any CPU.ActiveCfg = Debug|Any CPU
		{98097BAD-E0B0-4469-A890-C2338A6F8481}.Debug|Any CPU.Build.0 = Debug|Any CPU
		{98097BAD-E0B0-4469-A890-C2338A6F8481}.Release|Any CPU.ActiveCfg = Release|Any CPU
		{98097BAD-E0B0-4469-A890-C2338A6F8481}.Release|Any CPU.Build.0 = Release|Any CPU
	EndGlobalSection
	GlobalSection(SolutionProperties) = preSolution
		HideSolutionNode = FALSE
	EndGlobalSection
EndGlobal
